GEM
  remote: https://rubygems.org/
  specs:
    activesupport (4.2.6)
      i18n (~> 0.7)
      json (~> 1.7, >= 1.7.7)
      minitest (~> 5.1)
      thread_safe (~> 0.3, >= 0.3.4)
      tzinfo (~> 1.1)
    ast (2.2.0)
    brakeman (3.2.1)
      erubis (~> 2.6)
      haml (>= 3.0, < 5.0)
      highline (>= 1.6.20, < 2.0)
      ruby2ruby (~> 2.3.0)
      ruby_parser (~> 3.8.1)
      safe_yaml (>= 1.0)
      sass (~> 3.0)
      slim (>= 1.3.6, < 4.0)
      terminal-table (~> 1.4)
    childprocess (0.5.9)
      ffi (~> 1.0, >= 1.0.11)
    easy_translate (0.5.0)
      json
      thread
      thread_safe
    erubis (2.7.0)
    ffi (1.9.10)
    haml (4.0.7)
      tilt
    highline (1.7.8)
    i18n (0.7.0)
    i18n-tasks (0.9.5)
      activesupport (>= 4.0.2)
      ast (>= 2.1.0)
      easy_translate (>= 0.5.0)
      erubis
      highline (>= 1.7.3)
      i18n
      parser (>= 2.2.3.0)
      term-ansicolor (>= 1.3.2)
      terminal-table (>= 1.5.1)
    iniparse (1.4.2)
    json (1.8.3)
    minitest (5.8.4)
    overcommit (0.33.0)
      childprocess (~> 0.5.8)
      iniparse (~> 1.4)
    parser (2.3.0.7)
      ast (~> 2.2)
    powerpack (0.1.1)
    rainbow (2.1.0)
    rake (11.1.2)
    rubocop (0.39.0)
      parser (>= 2.3.0.7, < 3.0)
      powerpack (~> 0.1)
      rainbow (>= 1.99.1, < 3.0)
      ruby-progressbar (~> 1.7)
      unicode-display_width (~> 1.0, >= 1.0.1)
    ruby-progressbar (1.7.5)
    ruby2ruby (2.3.0)
      ruby_parser (~> 3.1)
      sexp_processor (~> 4.0)
    ruby_parser (3.8.1)
      sexp_processor (~> 4.1)
    safe_yaml (1.0.4)
    sass (3.4.22)
    scss_lint (0.48.0)
      rake (>= 0.9, < 12)
      sass (~> 3.4.15)
    sexp_processor (4.7.0)
    slim (3.0.6)
      temple (~> 0.7.3)
      tilt (>= 1.3.3, < 2.1)
    temple (0.7.6)
    term-ansicolor (1.3.2)
      tins (~> 1.0)
    terminal-table (1.5.2)
    thread (0.2.2)
    thread_safe (0.3.5)
    tilt (2.0.2)
    tins (1.10.1)
    tzinfo (1.2.2)
      thread_safe (~> 0.1)
    unicode-display_width (1.0.3)

PLATFORMS
  ruby

DEPENDENCIES
  brakeman
  i18n-tasks
  overcommit
  rubocop
  scss_lint

BUNDLED WITH
   1.11.2
